version = 1
revision = 3
requires-python = ">=3.8"

[[package]]
name = "ay8910-wrapper"
version = "0.1.0"
source = { editable = "." }
dependencies = [
    { name = "lhafile" },
]

[package.metadata]
requires-dist = [{ name = "lhafile" }]

[[package]]
name = "lhafile"
version = "0.3.1"
source = { registry = "https://pypi.org/simple" }
sdist = { url = "https://files.pythonhosted.org/packages/89/ab/edc17ea008032b12e3fe6e2e9eeea0fde74f86cf5bf3df016eceb47ee06e/lhafile-0.3.1.tar.gz", hash = "sha256:a66a091e61af569384844ed74bf76179c575e5d28bc88bf9bf5476a3397d077d", size = 14541, upload-time = "2025-02-24T21:59:14.672Z" }
wheels = [
    { url = "https://files.pythonhosted.org/packages/af/25/134fffd48c23057c34ac5c46ce6167f0ac0292c6004c724619c1c2a1feaf/lhafile-0.3.1-cp310-cp310-macosx_10_9_x86_64.whl", hash = "sha256:2e6c51bf34362371da68c079e9b95a0e04a0aea02b411b87f812b06f1eb1a56b", size = 14637, upload-time = "2025-02-24T23:26:24.714Z" },
    { url = "https://files.pythonhosted.org/packages/54/fb/7b947eec993ac45fe8b2a6f2c25c093a419817c06f06f80b500885d174c9/lhafile-0.3.1-cp310-cp310-macosx_11_0_arm64.whl", hash = "sha256:0bad5b6582550ba340b452f2e9ef9dcf95a9d6e7b0228182f806b33082466dbe", size = 14754, upload-time = "2025-02-24T23:25:10.7Z" },
    { url = "https://files.pythonhosted.org/packages/c1/3e/651ef20b8a424881b9108553766b067772f298ff8514499af363672b83f9/lhafile-0.3.1-cp310-cp310-manylinux_2_5_i686.manylinux1_i686.manylinux_2_17_i686.manylinux2014_i686.whl", hash = "sha256:d6272961f341e6abcb6a20806110e0ac4be58c17f77a4184bce5fd8d857d357c", size = 51483, upload-time = "2025-02-24T23:27:09.675Z" },
    { url = "https://files.pythonhosted.org/packages/be/62/67df4fd53e8801eb46d7ab07c42eee482a3fbeb68a5b36ac921f3e1a4fee/lhafile-0.3.1-cp310-cp310-manylinux_2_5_x86_64.manylinux1_x86_64.manylinux_2_17_x86_64.manylinux2014_x86_64.whl", hash = "sha256:61306c9916b869610e7e8c5c874e7544930d5dba0fc13feb261195e504aa732f", size = 53454, upload-time = "2025-02-24T23:27:10.707Z" },
    { url = "https://files.pythonhosted.org/packages/10/e6/71db61b92376bd261fb0e2e8b335fb5a2aaf5f8520b7f1776e9852a03e55/lhafile-0.3.1-cp310-cp310-musllinux_1_2_i686.whl", hash = "sha256:edae56f53d2facc972ba77ac4fa5313af37ee443f9988f18997fbf7b4ebd98db", size = 54306, upload-time = "2025-02-24T23:27:11.668Z" },
    { url = "https://files.pythonhosted.org/packages/f7/0d/fc45749d1ae72a1e7dd5cf1f571f76515cf88d71aa142957cc27f53e109a/lhafile-0.3.1-cp310-cp310-musllinux_1_2_x86_64.whl", hash = "sha256:c617510384d9bf024a9da7ec87c93dec36212a0fa4e340e4249667ab0c6a7f69", size = 56121, upload-time = "2025-02-24T23:27:13.857Z" },
    { url = "https://files.pythonhosted.org/packages/c1/5c/c68e74a181c0f49dd76d7048ef72388b4fb4cf923d982a0101dd80482d77/lhafile-0.3.1-cp310-cp310-win32.whl", hash = "sha256:a3dd20d988b13dc0395b83637ffc5e3b5797e1f075a98db670f425363bfc68bc", size = 16513, upload-time = "2025-02-24T23:34:53.638Z" },
    { url = "https://files.pythonhosted.org/packages/96/98/0b0136c852e64e9b79012c4727f45d0ad676a46a62d2c48c8f9ac9a651eb/lhafile-0.3.1-cp310-cp310-win_amd64.whl", hash = "sha256:cd45799aacff4d04c886b59327fbffd4ace75d19bcf640669474577228760def", size = 18792, upload-time = "2025-02-24T23:34:54.541Z" },
    { url = "https://files.pythonhosted.org/packages/d5/86/3e8e78248e235549c39a05dad7e7a1be571652b18c395188f5e940508ee1/lhafile-0.3.1-cp311-cp311-macosx_10_9_x86_64.whl", hash = "sha256:da48dc6c302f23dd5aad0ca391a6b8c167321e14b4cdba8bd0ec40be0a6744a3", size = 14640, upload-time = "2025-02-24T23:26:25.5Z" },
    { url = "https://files.pythonhosted.org/packages/ce/fb/dd2708f7f340850c61c4b812964653b3100b8866833b3b1cfce5114554bb/lhafile-0.3.1-cp311-cp311-macosx_11_0_arm64.whl", hash = "sha256:3f005921079a799ca941e1fa67f4cb18607cb9a55f594ffc4f78a503ce5c288d", size = 14755, upload-time = "2025-02-24T23:25:11.785Z" },
    { url = "https://files.pythonhosted.org/packages/9c/bc/4cbea5a6bf3ff1508dfeb00352f1b84f49f511797d46d4cdff3855ef21cb/lhafile-0.3.1-cp311-cp311-manylinux_2_5_i686.manylinux1_i686.manylinux_2_17_i686.manylinux2014_i686.whl", hash = "sha256:7f92d9893afd2d23815acf442382b159d08153dd5a5650b8836bd845175f5e60", size = 52401, upload-time = "2025-02-24T23:27:15.809Z" },
    { url = "https://files.pythonhosted.org/packages/93/12/12f38d0c3fe62ec8d5976f989c98c53f3a15fe9b77206ab218dd187385af/lhafile-0.3.1-cp311-cp311-manylinux_2_5_x86_64.manylinux1_x86_64.manylinux_2_17_x86_64.manylinux2014_x86_64.whl", hash = "sha256:13501e2c38b744dc1594c33f313d367f0f2f959871f94d668839fdf88c32f9d8", size = 54346, upload-time = "2025-02-24T23:27:16.761Z" },
    { url = "https://files.pythonhosted.org/packages/8f/71/3de94755c41233ff52e4b741c5a50c87a9d8ae78008e8c10f940fd3fbff5/lhafile-0.3.1-cp311-cp311-musllinux_1_2_i686.whl", hash = "sha256:6fe52dc103e947baa65a0fe5236c89b0f954b2e6571b33e772de0912655a4769", size = 55231, upload-time = "2025-02-24T23:27:17.901Z" },
    { url = "https://files.pythonhosted.org/packages/9e/4c/c40f131f1b2d17a5d7aee733ea78304e07fbf78eb351044b758305fbc889/lhafile-0.3.1-cp311-cp311-musllinux_1_2_x86_64.whl", hash = "sha256:a4572500ee7f5c589eb07c59aada2aaa0bedf4215797121244b12c5175b386a2", size = 57036, upload-time = "2025-02-24T23:27:19.678Z" },
    { url = "https://files.pythonhosted.org/packages/37/c9/ec393372819297fdfe8514f924228d8ca57ff6a59bdf68e12f47f062615f/lhafile-0.3.1-cp311-cp311-win32.whl", hash = "sha256:86352e5654cc364397f30096d4a6aa8ebed3ff9ccc4964acdee768e0cbd95287", size = 16507, upload-time = "2025-02-24T23:34:57.195Z" },
    { url = "https://files.pythonhosted.org/packages/a6/ec/c89e00e6737674d80f533f4410119c873b307e43931b117f53f40d104a6f/lhafile-0.3.1-cp311-cp311-win_amd64.whl", hash = "sha256:183f55930772e3438e6b9060df57354e217aba79d8412ba4bcc103c90ee8e039", size = 18787, upload-time = "2025-02-24T23:34:58.801Z" },
    { url = "https://files.pythonhosted.org/packages/6f/95/48c84bd383059bad8f21026e956c75a8a8695f620d653bbc0a804ddfec96/lhafile-0.3.1-cp312-cp312-macosx_10_13_x86_64.whl", hash = "sha256:76a66cb7df0d88143ae8b7d1c2367c7bdd77026dda6a94419e6e90eadfcc490a", size = 14716, upload-time = "2025-02-24T23:26:26.269Z" },
    { url = "https://files.pythonhosted.org/packages/b1/7b/102fa2ee6dcde4812e0510eae11067c07a242c3d141697df35dc479c16d6/lhafile-0.3.1-cp312-cp312-macosx_11_0_arm64.whl", hash = "sha256:3b6be4a540ecbf8c39a9f5ca7b3252f32b3a67f9fae18b368ad2e9fe45c25997", size = 14820, upload-time = "2025-02-24T23:25:13.397Z" },
    { url = "https://files.pythonhosted.org/packages/89/61/70163db1ce43aaa61cbc1f47589e7c2bea006a9947b1bd4f9f2c03780770/lhafile-0.3.1-cp312-cp312-manylinux_2_5_i686.manylinux1_i686.manylinux_2_17_i686.manylinux2014_i686.whl", hash = "sha256:e2ace5202372eec75fc97751c87f7c7e8129aba585d6085f026d5be29e9f09f8", size = 53972, upload-time = "2025-02-24T23:27:21.286Z" },
    { url = "https://files.pythonhosted.org/packages/e3/61/ab787773d22d07a3d81551fcf8b7f74189397a8af2076c6f87f10dd0217d/lhafile-0.3.1-cp312-cp312-manylinux_2_5_x86_64.manylinux1_x86_64.manylinux_2_17_x86_64.manylinux2014_x86_64.whl", hash = "sha256:33418b3927bc10ebfb63436663429abac014e9c26c841a8d3b353192f6f5b91d", size = 55956, upload-time = "2025-02-24T23:27:22.344Z" },
    { url = "https://files.pythonhosted.org/packages/ca/48/9a8b8974e32411a943cdbcdfc65185fc5c0cabb9e7cff077f4ae20f013a5/lhafile-0.3.1-cp312-cp312-musllinux_1_2_i686.whl", hash = "sha256:ddd9e63d7ed5d901169a37e945cf2647b9ecc3f613c5dd58af30e1d7943a4c58", size = 56799, upload-time = "2025-02-24T23:27:23.522Z" },
    { url = "https://files.pythonhosted.org/packages/21/e5/5f2b3fdb3c5efa89aa8c7b644c2ebaec9c78807b2140bde728d04f480775/lhafile-0.3.1-cp312-cp312-musllinux_1_2_x86_64.whl", hash = "sha256:ea590a7b46e071e49b264d7f72b5cf74244fdb6394d222ea93ba0c72da503f40", size = 58759, upload-time = "2025-02-24T23:27:24.589Z" },
    { url = "https://files.pythonhosted.org/packages/ef/04/72affab9b0c3ff1e59a7f522c87ea0e28d74ab075eb14cfbea9389590cd7/lhafile-0.3.1-cp312-cp312-win32.whl", hash = "sha256:f431db43117ec7e0627878a3672d10e3df268329b1ea818d6a599713bb056c85", size = 16618, upload-time = "2025-02-24T23:35:00.615Z" },
    { url = "https://files.pythonhosted.org/packages/3a/8b/3007cba371c2f9c6a996533c3b47e6c3d3c11fa196d85a9c91c967ab1b63/lhafile-0.3.1-cp312-cp312-win_amd64.whl", hash = "sha256:30b2a581447fe03b4c4b9befb4ce26cc5861c0fcbca6f356a2615cf257d50ca8", size = 18906, upload-time = "2025-02-24T23:35:02.249Z" },
    { url = "https://files.pythonhosted.org/packages/f1/7d/210c424e8d2fa721a2c7a26bd0003ee62b324f1f4ffdf28b1708efd9f6e5/lhafile-0.3.1-cp313-cp313-macosx_10_13_x86_64.whl", hash = "sha256:06111b684ff4a980c689f97fe36fd839bbda0705a2460f7cfb3dde5d6d27fad4", size = 14719, upload-time = "2025-02-24T23:26:27.826Z" },
    { url = "https://files.pythonhosted.org/packages/19/95/a649a35bb15729dc34abcfacaaafad20a3526bed2bd13564f42acb41ad75/lhafile-0.3.1-cp313-cp313-macosx_11_0_arm64.whl", hash = "sha256:8eb23f81841cef17abcf8f507ef6969f43023c4f6d4bf763a4daa4ca29c829b1", size = 14824, upload-time = "2025-02-24T23:25:14.213Z" },
    { url = "https://files.pythonhosted.org/packages/47/59/228c15ffd6aa90ded6c82fc14a6845405dd3a2fc499ac3868ac9954dc5f0/lhafile-0.3.1-cp313-cp313-manylinux_2_5_i686.manylinux1_i686.manylinux_2_17_i686.manylinux2014_i686.whl", hash = "sha256:b6424fbe13c48fdd95b85c654b5bb8cc7fe606a0137d8e8cfac656acb4197031", size = 53927, upload-time = "2025-02-24T23:27:25.558Z" },
    { url = "https://files.pythonhosted.org/packages/5c/01/c0e2f06c3eb7feffadb80f487cb407da3920b67a033e3769a7df183a14db/lhafile-0.3.1-cp313-cp313-manylinux_2_5_x86_64.manylinux1_x86_64.manylinux_2_17_x86_64.manylinux2014_x86_64.whl", hash = "sha256:46dfd35f23ab42ae6a16f8deac46f9f3a9fbe79b4cf945d6f451a643500c0fff", size = 55953, upload-time = "2025-02-24T23:27:26.664Z" },
    { url = "https://files.pythonhosted.org/packages/d1/e7/2b1209babdc88f8ab998253fa485a322afdca52de5a61a055bb1e55a1c1c/lhafile-0.3.1-cp313-cp313-musllinux_1_2_i686.whl", hash = "sha256:0d61eb992d8f4dbcfc2345456e85fa0317c3def10b33966e1e64368fcf29dfeb", size = 56847, upload-time = "2025-02-24T23:27:28.171Z" },
    { url = "https://files.pythonhosted.org/packages/77/6c/55cdfa56ce910a5f274991f73761ce8b7a42976d2571d08eb5e389184ce2/lhafile-0.3.1-cp313-cp313-musllinux_1_2_x86_64.whl", hash = "sha256:d0bad1bd7f394f6799833fcb557d88f2b5ee364704a05ab47d5ded489fe99eb1", size = 58797, upload-time = "2025-02-24T23:27:29.98Z" },
    { url = "https://files.pythonhosted.org/packages/38/cc/4cc138db0d499fb22b4b3ee71220288b09451310679b6dd48fae37c3ebfb/lhafile-0.3.1-cp313-cp313-win32.whl", hash = "sha256:0ca3bc909d335443af714bb35e76a69beab4039915692be0d1612da4768b4176", size = 16619, upload-time = "2025-02-24T23:35:03.179Z" },
    { url = "https://files.pythonhosted.org/packages/9f/4b/1a1f14f85c7e4270513aa5a0041cf65e45102710392ee2b38714bad58566/lhafile-0.3.1-cp313-cp313-win_amd64.whl", hash = "sha256:e2de020b1d1537d5f347dd29efa96fa78f4104b8a2a49bfc58e523788aef67e0", size = 18915, upload-time = "2025-02-24T23:35:04.072Z" },
    { url = "https://files.pythonhosted.org/packages/3f/7c/4963b187ae9a1051746900aae71a21713535c145b3b31427842243ada094/lhafile-0.3.1-cp38-cp38-macosx_10_9_x86_64.whl", hash = "sha256:0f4021adca069664f6206690be37f77a3acd18bc5f13a8c7c4155a9876dfd0d7", size = 14579, upload-time = "2025-02-24T23:26:32.302Z" },
    { url = "https://files.pythonhosted.org/packages/a0/da/20b6de26e8e9f489bca2710a38243a2d472e10937595d0a898c34f6dbb8f/lhafile-0.3.1-cp38-cp38-macosx_11_0_arm64.whl", hash = "sha256:0d2f1a45f7c039489bff98618b7f04fc8b34a626a119c05c9fa5c4a8c5dc3e1e", size = 14686, upload-time = "2025-02-24T23:25:15.786Z" },
    { url = "https://files.pythonhosted.org/packages/2f/08/dd843e6c9d2c101135c54f351731f96a3843233a9f5e6de53ebb8e41bb12/lhafile-0.3.1-cp38-cp38-manylinux_2_5_i686.manylinux1_i686.manylinux_2_17_i686.manylinux2014_i686.whl", hash = "sha256:952a5d74367a4542a0013420c7338219bcfef4bad55fdc26244365ffe3beb169", size = 53640, upload-time = "2025-02-24T23:27:41.059Z" },
    { url = "https://files.pythonhosted.org/packages/16/47/7f032d7df87c5febfb03e783680990c3b7d660526fe93eff086bee36288a/lhafile-0.3.1-cp38-cp38-manylinux_2_5_x86_64.manylinux1_x86_64.manylinux_2_17_x86_64.manylinux2014_x86_64.whl", hash = "sha256:2cd208fac1b6e8cf71293cf4fe1f14d2da950c424d0a2ea1c2630b7fb8ed1a51", size = 55719, upload-time = "2025-02-24T23:27:42.063Z" },
    { url = "https://files.pythonhosted.org/packages/4a/b0/ed4fb0ba22db99375fd3f98306fce9c370428713acf60ca97a889177abad/lhafile-0.3.1-cp38-cp38-musllinux_1_2_i686.whl", hash = "sha256:4a8a3523a3812ae7b9beaead19c4c936d0ba22381290546d327ad53dcc6647df", size = 55908, upload-time = "2025-02-24T23:27:43.007Z" },
    { url = "https://files.pythonhosted.org/packages/0c/aa/92195844be319a4e49a7d1ae316ea70ce62d9d14994286d9edc91193cbd1/lhafile-0.3.1-cp38-cp38-musllinux_1_2_x86_64.whl", hash = "sha256:2b88996f1ebe0d7f1db90657bfb428d46d49ecc32b9518f7108bf4bce3f4c6c8", size = 57769, upload-time = "2025-02-24T23:27:44.1Z" },
    { url = "https://files.pythonhosted.org/packages/b5/b1/dbd3b260c76096226fcd7cb8c67f2dd497ee3f66165ed9595b91443c0122/lhafile-0.3.1-cp38-cp38-win32.whl", hash = "sha256:25409fa176fef67e28c0d224d0438adfaaab8e1241b7abae181071bc7a465044", size = 16437, upload-time = "2025-02-24T23:35:11.045Z" },
    { url = "https://files.pythonhosted.org/packages/c6/3b/f7e940437957a929989997de674c24a63b267ced9044327e72a82d3b8e68/lhafile-0.3.1-cp38-cp38-win_amd64.whl", hash = "sha256:ff7d973f10c5f457d8a4bcd6dc316486edea572182ba31fe4ad025d460b783b0", size = 18725, upload-time = "2025-02-24T23:35:11.874Z" },
    { url = "https://files.pythonhosted.org/packages/5d/33/4ec1ae1256f4f4b39d2a39bdfbf88d4f3aae0bafea00db575eb151f45377/lhafile-0.3.1-cp39-cp39-macosx_10_9_x86_64.whl", hash = "sha256:396c7a4bff965b882d77d6187ef76ce8bfbc39bb33c26c7e191f7d41bc0ba6fc", size = 14638, upload-time = "2025-02-24T23:26:33.127Z" },
    { url = "https://files.pythonhosted.org/packages/06/9f/7e16e07856ad194d047484e7af85d548ed584260e4c5c9bdf4d45f4dfd5b/lhafile-0.3.1-cp39-cp39-macosx_11_0_arm64.whl", hash = "sha256:c575563e9168e57b997f10e7e66b59a129bd6c2613e5868aabcd4093020856f4", size = 14748, upload-time = "2025-02-24T23:25:17.358Z" },
    { url = "https://files.pythonhosted.org/packages/11/ca/6becf19f25e8173c245325ad412139befef4aa73f0cfb6cfeb50201f4d92/lhafile-0.3.1-cp39-cp39-manylinux_2_5_i686.manylinux1_i686.manylinux_2_17_i686.manylinux2014_i686.whl", hash = "sha256:dfb5134351007d786e81b96f0f133a5e74022218d828e864a2f3e553be5c56e5", size = 51275, upload-time = "2025-02-24T23:27:45.559Z" },
    { url = "https://files.pythonhosted.org/packages/14/be/d33e9e5aa420b1b81ee0c467a424d5ca8177ee44c4fdf575eb635a008cec/lhafile-0.3.1-cp39-cp39-manylinux_2_5_x86_64.manylinux1_x86_64.manylinux_2_17_x86_64.manylinux2014_x86_64.whl", hash = "sha256:b5836a9be08b03df0520c521721c43fc173d81a3b0d142d7c5b0ecb8558a5d10", size = 53239, upload-time = "2025-02-24T23:27:46.707Z" },
    { url = "https://files.pythonhosted.org/packages/1a/d0/cc09e5803ad4c02e990d59607206d7c2ae9092d6dab485b5dc2d7dbc5f73/lhafile-0.3.1-cp39-cp39-musllinux_1_2_i686.whl", hash = "sha256:36a1a515b2bac98c18879acc60d8835dcc0fbdc85c76c8b459a6aa94c725d309", size = 54043, upload-time = "2025-02-24T23:27:47.792Z" },
    { url = "https://files.pythonhosted.org/packages/08/5c/731762f32579f55a69cf15571b01400eca7b504e54dfc018ce12c3f69a50/lhafile-0.3.1-cp39-cp39-musllinux_1_2_x86_64.whl", hash = "sha256:7eca3052489eae5a5d65714e1321fd4e979c46d765a1614a717eed8d042b9106", size = 55906, upload-time = "2025-02-24T23:27:48.768Z" },
    { url = "https://files.pythonhosted.org/packages/87/f5/ea96d3ae814f248d2cfe9d585d3bd41cadb1f741ee65d43167e48d92e32f/lhafile-0.3.1-cp39-cp39-win32.whl", hash = "sha256:4b05ae2ae02c2a07d0597a6d1b0b0aa27e87c00f4f6372d05834360e5cb17bc9", size = 16504, upload-time = "2025-02-24T23:35:13.564Z" },
    { url = "https://files.pythonhosted.org/packages/14/8d/ca9e54c3db225237f6bd790db34ba59c9318bb32ee6731019a1993f61ebd/lhafile-0.3.1-cp39-cp39-win_amd64.whl", hash = "sha256:ef2058eb89212e99b99527fd1637d4308ab4ec4b2dc14cef7194905aa4c45722", size = 18788, upload-time = "2025-02-24T23:35:15.542Z" },
    { url = "https://files.pythonhosted.org/packages/62/57/7bfc0c7dcb3d4005bae3e97403724c375d818c1795c131857df218beda48/lhafile-0.3.1-pp310-pypy310_pp73-macosx_10_15_x86_64.whl", hash = "sha256:bf60b84e0f682e59943df7a95d83c9064823888d4f4f4cd37cc06fbf64ff6a48", size = 14452, upload-time = "2025-02-24T23:26:33.912Z" },
    { url = "https://files.pythonhosted.org/packages/f2/2e/e1b2289f3114d38e61f04b52011737cab92c98b01e2e6178ea02019d0a96/lhafile-0.3.1-pp310-pypy310_pp73-macosx_11_0_arm64.whl", hash = "sha256:39add07a1d167baef63474a53d3fb34fc6867f7e51fc6a53b40c4189177668be", size = 14407, upload-time = "2025-02-24T23:25:18.965Z" },
    { url = "https://files.pythonhosted.org/packages/46/d7/85986448f3664ca7ba915c2030e42f54cae5f58b8952592b086fd66515d4/lhafile-0.3.1-pp310-pypy310_pp73-manylinux_2_5_i686.manylinux1_i686.manylinux_2_17_i686.manylinux2014_i686.whl", hash = "sha256:0702e7609a1806ab649cfe6f296b4280c3cd64754d09a16a2326315426fbcb28", size = 17103, upload-time = "2025-02-24T23:27:49.712Z" },
    { url = "https://files.pythonhosted.org/packages/50/7f/4c0d8c37ea190b9599f749da9cc0eb35ed7e406170fe4761b146120b8143/lhafile-0.3.1-pp310-pypy310_pp73-manylinux_2_5_x86_64.manylinux1_x86_64.manylinux_2_17_x86_64.manylinux2014_x86_64.whl", hash = "sha256:ee9fe086c7b4bc231c09ca957050ab05dc94a991c4ee97238f3938c59e53f2f8", size = 16793, upload-time = "2025-02-24T23:27:50.602Z" },
    { url = "https://files.pythonhosted.org/packages/67/6f/ace125aaeceeb732b2ad7074afcc33705877043f368bfaeccc9e1d01a1e1/lhafile-0.3.1-pp310-pypy310_pp73-win_amd64.whl", hash = "sha256:f50c0e5c0674e169c6089c02f2df5e4670c57d8956817e9c3f6a5b237a70d0aa", size = 18839, upload-time = "2025-02-24T23:35:16.373Z" },
    { url = "https://files.pythonhosted.org/packages/1b/b1/d2f9a8b90a57f17faf62ad4dd29bbbe465f31d2f1738c8eace57c2f287e8/lhafile-0.3.1-pp38-pypy38_pp73-macosx_10_9_x86_64.whl", hash = "sha256:20462f85694086c6c5ab3a1aad96d11ac72e7ba7504db3e9ac676fb7cf174f81", size = 14257, upload-time = "2025-02-24T23:26:36.418Z" },
    { url = "https://files.pythonhosted.org/packages/db/3c/cb8ec4f05b816a022af3cc31e110f4c3dcbe5456ed50aa7d986e8e4bf53f/lhafile-0.3.1-pp38-pypy38_pp73-macosx_11_0_arm64.whl", hash = "sha256:b302463530a8d477a1339b4cee3fb27568593676a058067c0d0f3fb80366f977", size = 14340, upload-time = "2025-02-24T23:25:19.938Z" },
    { url = "https://files.pythonhosted.org/packages/a7/32/bdf4cc293fa8cc12484ac5e074a533105193e052dfc436be9a7af2a538c9/lhafile-0.3.1-pp38-pypy38_pp73-manylinux_2_5_i686.manylinux1_i686.manylinux_2_17_i686.manylinux2014_i686.whl", hash = "sha256:7b9549261d75656dfa6305e3c9dc0888babc02dcb35578cb3f1ccaf8b1e5c768", size = 16457, upload-time = "2025-02-24T23:27:54.155Z" },
    { url = "https://files.pythonhosted.org/packages/f6/54/b0e87f417c9c342664d3de14a0ac4c9c2040a3f7f02eef2c59e6287b6b03/lhafile-0.3.1-pp38-pypy38_pp73-manylinux_2_5_x86_64.manylinux1_x86_64.manylinux_2_17_x86_64.manylinux2014_x86_64.whl", hash = "sha256:8e8966bccb6e4d41efa59b83b74a9dc7a0b428c94ff36225d64b03f0e6808ea4", size = 16217, upload-time = "2025-02-24T23:27:55.128Z" },
    { url = "https://files.pythonhosted.org/packages/56/f2/18e0c00971eb7bf3eb00219a12b511f930b86b8a8bbeeee2f98aeaef1d8c/lhafile-0.3.1-pp38-pypy38_pp73-win_amd64.whl", hash = "sha256:6503af00ecd15636f1b5b6bab96544df7e68c32c98b1d0ac961502a8221b2b2f", size = 18769, upload-time = "2025-02-24T23:35:18.095Z" },
    { url = "https://files.pythonhosted.org/packages/e6/87/bf580bbe3bfc94d39d5ed5dcb7cb6bf5e07e66cc393767f163058b4e85fa/lhafile-0.3.1-pp39-pypy39_pp73-macosx_10_15_x86_64.whl", hash = "sha256:5783a46f14963c7097ce5e957998ae98569020cbc2a2a0a2b31b16fd617eca07", size = 14445, upload-time = "2025-02-24T23:26:38.159Z" },
    { url = "https://files.pythonhosted.org/packages/d5/ba/b085ca9fe5853f4806a227b339c02331f50d317372d02d47367b128f13f6/lhafile-0.3.1-pp39-pypy39_pp73-macosx_11_0_arm64.whl", hash = "sha256:92e5e31de714e509f1241ad8609521908d1965b3fb0f7f5756ace0cc28bde46e", size = 14400, upload-time = "2025-02-24T23:25:21.696Z" },
    { url = "https://files.pythonhosted.org/packages/eb/1a/cd4366a2c186f06f3dd6cf5c45ae3c0dc9606740879ea627c1af674aedff/lhafile-0.3.1-pp39-pypy39_pp73-manylinux_2_5_i686.manylinux1_i686.manylinux_2_17_i686.manylinux2014_i686.whl", hash = "sha256:89d21f08fcf78cf932a9fb7fe8fb1a002aa7462b07368c0b4e5f99779d76afa8", size = 17100, upload-time = "2025-02-24T23:27:56.018Z" },
    { url = "https://files.pythonhosted.org/packages/b0/1b/7dcbdbeacfe031167a974fc685b1adc14b41b8d062d4a61cc016d857a459/lhafile-0.3.1-pp39-pypy39_pp73-manylinux_2_5_x86_64.manylinux1_x86_64.manylinux_2_17_x86_64.manylinux2014_x86_64.whl", hash = "sha256:21f584cd602e3ef39e04e74b294d26f1e2e4b97a6c249349735c9f8e2ab1072c", size = 16787, upload-time = "2025-02-24T23:27:57.63Z" },
    { url = "https://files.pythonhosted.org/packages/8f/d4/f1d317b4a78ecd52e144d3d88ebf810a82b1adf866165c67f0e7f1442d8d/lhafile-0.3.1-pp39-pypy39_pp73-win_amd64.whl", hash = "sha256:9e4bb75ed299d95b0a8ef03ca096fad8a48693caced67e4e7b6bd03ac3e51a04", size = 18835, upload-time = "2025-02-24T23:35:18.867Z" },
]
